<Solution>
  <Configurations>
    <Platform Name="Any CPU" />
    <Platform Name="x64" />
    <Platform Name="x86" />
  </Configurations>
  <Project Path="HL.API/HL.API.csproj" />
  <Project Path="HL.Business/HL.Business.csproj" />
  <Project Path="HL.Core/HL.Core.csproj" />
  <Project Path="HL.DataAccess/HL.DataAccess.csproj" />
</Solution>
